<?xml version="1.0" encoding="utf-8"?>
<Project ToolsVersion="4.0" xmlns="http://schemas.microsoft.com/developer/msbuild/2003">
  <ItemGroup>
    <Filter Include="Source Files">
      <UniqueIdentifier>{4FC737F1-C7A5-4376-A066-2A32D752A2FF}</UniqueIdentifier>
      <Extensions>cpp;c;cc;cxx;def;odl;idl;hpj;bat;asm;asmx</Extensions>
    </Filter>
    <Filter Include="Header Files">
      <UniqueIdentifier>{93995380-89BD-4b04-88EB-625FBE52EBFB}</UniqueIdentifier>
      <Extensions>h;hh;hpp;hxx;hm;inl;inc;xsd</Extensions>
    </Filter>
    <Filter Include="Resource Files">
      <UniqueIdentifier>{67DA6AB6-F800-4c08-8B7A-83BB121AAD01}</UniqueIdentifier>
      <Extensions>rc;ico;cur;bmp;dlg;rc2;rct;bin;rgs;gif;jpg;jpeg;jpe;resx;tiff;tif;png;wav;mfcribbon-ms</Extensions>
    </Filter>
  </ItemGroup>
  <ItemGroup>
    <ClInclude Include="test\catch.hpp">
      <Filter>Header Files</Filter>
    </ClInclude>
    <ClInclude Include="src\header\TokenType.h">
      <Filter>Header Files</Filter>
    </ClInclude>
    <ClInclude Include="src\header\Token.h">
      <Filter>Header Files</Filter>
    </ClInclude>
    <ClInclude Include="src\header\Scanner.h">
      <Filter>Header Files</Filter>
    </ClInclude>
    <ClInclude Include="src\header\Parser.h">
      <Filter>Header Files</Filter>
    </ClInclude>
    <ClInclude Include="src\header\PStack.h">
      <Filter>Header Files</Filter>
    </ClInclude>
    <ClInclude Include="src\header\StackValues.h">
      <Filter>Header Files</Filter>
    </ClInclude>
    <ClInclude Include="src\header\ASTNodes.h">
      <Filter>Header Files</Filter>
    </ClInclude>
    <ClInclude Include="src\header\NodeBuilderVisitor.h">
      <Filter>Header Files</Filter>
    </ClInclude>
    <ClInclude Include="src\header\ASTNodeVisitor.h">
      <Filter>Header Files</Filter>
    </ClInclude>
    <ClInclude Include="src\header\SemanticStack.h">
      <Filter>Header Files</Filter>
    </ClInclude>
    <ClInclude Include="src\header\Function.h">
      <Filter>Header Files</Filter>
    </ClInclude>
    <ClInclude Include="src\header\ReturnType.h">
      <Filter>Header Files</Filter>
    </ClInclude>
    <ClInclude Include="src\header\SemanticChecker.h">
      <Filter>Header Files</Filter>
    </ClInclude>
    <ClInclude Include="test\fakeit.hpp">
      <Filter>Header Files</Filter>
    </ClInclude>
    <ClInclude Include="src\header\CodeGenerator.h">
      <Filter>Header Files</Filter>
    </ClInclude>
    <ClInclude Include="src\header\InstructionManager.h">
      <Filter>Header Files</Filter>
    </ClInclude>
  </ItemGroup>
  <ItemGroup>
    <ClCompile Include="test\RunAllTest.cpp">
      <Filter>Source Files</Filter>
    </ClCompile>
    <ClCompile Include="test\TokenTest.cpp">
      <Filter>Source Files</Filter>
    </ClCompile>
    <ClCompile Include="src\implementation\Scanner.cpp">
      <Filter>Source Files</Filter>
    </ClCompile>
    <ClCompile Include="src\implementation\Token.cpp">
      <Filter>Source Files</Filter>
    </ClCompile>
    <ClCompile Include="test\ScannerTest.cpp">
      <Filter>Source Files</Filter>
    </ClCompile>
    <ClCompile Include="src\implementation\Parser.cpp">
      <Filter>Source Files</Filter>
    </ClCompile>
    <ClCompile Include="src\implementation\PStack.cpp">
      <Filter>Source Files</Filter>
    </ClCompile>
    <ClCompile Include="src\implementation\SemanticStack.cpp">
      <Filter>Source Files</Filter>
    </ClCompile>
    <ClCompile Include="test\ParserTest.cpp">
      <Filter>Source Files</Filter>
    </ClCompile>
    <ClCompile Include="src\implementation\SemanticChecker.cpp">
      <Filter>Source Files</Filter>
    </ClCompile>
    <ClCompile Include="test\SemanticCheckerTest.cpp">
      <Filter>Source Files</Filter>
    </ClCompile>
    <ClCompile Include="test\PStackTest.cpp">
      <Filter>Source Files</Filter>
    </ClCompile>
    <ClCompile Include="test\NodeBuilderVisitorTest.cpp">
      <Filter>Source Files</Filter>
    </ClCompile>
    <ClCompile Include="test\BaseASTNodeVisitorTest.cpp">
      <Filter>Source Files</Filter>
    </ClCompile>
    <ClCompile Include="test\ASTNodeTest.cpp">
      <Filter>Source Files</Filter>
    </ClCompile>
    <ClCompile Include="src\implementation\CodeGenerator.cpp">
      <Filter>Source Files</Filter>
    </ClCompile>
    <ClCompile Include="test\CodeGeneratorTest.cpp">
      <Filter>Source Files</Filter>
    </ClCompile>
    <ClCompile Include="src\TMGenerator.cpp">
      <Filter>Source Files</Filter>
    </ClCompile>
    <ClCompile Include="test\SemanticStackTest.cpp">
      <Filter>Source Files</Filter>
    </ClCompile>
    <ClCompile Include="src\implementation\InstructionManager.cpp">
      <Filter>Source Files</Filter>
    </ClCompile>
    <ClCompile Include="test\InstructionManagerTest.cpp">
      <Filter>Source Files</Filter>
    </ClCompile>
    <ClCompile Include="test\IntegrationTest.cpp">
      <Filter>Source Files</Filter>
    </ClCompile>
  </ItemGroup>
  <ItemGroup>
    <None Include="test\test_klein_program_1.kln" />
    <None Include="test\test_klein_program_2_long_identifiers.kln" />
    <None Include="test\test_klein_program_3_int_range.kln" />
    <None Include="test\RunAllKleinPrograms.sh" />
  </ItemGroup>
</Project>